// !$*UTF8*$!
{
	archiveVersion = 1;
	classes = {
	};
	objectVersion = 50;
	objects = {

/* Begin PBXBuildFile section */
		F608C02B24B562B700A29AAB /* AppDelegate.swift in Sources */ = {isa = PBXBuildFile; fileRef = F608C02A24B562B700A29AAB /* AppDelegate.swift */; };
		F608C02D24B562B700A29AAB /* SceneDelegate.swift in Sources */ = {isa = PBXBuildFile; fileRef = F608C02C24B562B700A29AAB /* SceneDelegate.swift */; };
		F608C02F24B562B700A29AAB /* ContentViewOLD.swift in Sources */ = {isa = PBXBuildFile; fileRef = F608C02E24B562B700A29AAB /* ContentViewOLD.swift */; };
		F608C03124B562BA00A29AAB /* Assets.xcassets in Resources */ = {isa = PBXBuildFile; fileRef = F608C03024B562BA00A29AAB /* Assets.xcassets */; };
		F608C03424B562BA00A29AAB /* Preview Assets.xcassets in Resources */ = {isa = PBXBuildFile; fileRef = F608C03324B562BA00A29AAB /* Preview Assets.xcassets */; };
		F608C03724B562BA00A29AAB /* LaunchScreen.storyboard in Resources */ = {isa = PBXBuildFile; fileRef = F608C03524B562BA00A29AAB /* LaunchScreen.storyboard */; };
		F608C04224B562BA00A29AAB /* AnimationsTests.swift in Sources */ = {isa = PBXBuildFile; fileRef = F608C04124B562BA00A29AAB /* AnimationsTests.swift */; };
		F608C04D24B5633600A29AAB /* VectorArithmetic.swift in Sources */ = {isa = PBXBuildFile; fileRef = F608C04C24B5633600A29AAB /* VectorArithmetic.swift */; };
		F608C04F24B566D800A29AAB /* Animations.swift in Sources */ = {isa = PBXBuildFile; fileRef = F608C04E24B566D800A29AAB /* Animations.swift */; };
		F62A7A8024B65ABC00ED6C62 /* AdvancedAnimations.swift in Sources */ = {isa = PBXBuildFile; fileRef = F62A7A7F24B65ABC00ED6C62 /* AdvancedAnimations.swift */; };
/* End PBXBuildFile section */

/* Begin PBXContainerItemProxy section */
		F608C03E24B562BA00A29AAB /* PBXContainerItemProxy */ = {
			isa = PBXContainerItemProxy;
			containerPortal = F608C01F24B562B700A29AAB /* Project object */;
			proxyType = 1;
			remoteGlobalIDString = F608C02624B562B700A29AAB;
			remoteInfo = Animations;
		};
/* End PBXContainerItemProxy section */

/* Begin PBXFileReference section */
		F608C02724B562B700A29AAB /* Animations.app */ = {isa = PBXFileReference; explicitFileType = wrapper.application; includeInIndex = 0; path = Animations.app; sourceTree = BUILT_PRODUCTS_DIR; };
		F608C02A24B562B700A29AAB /* AppDelegate.swift */ = {isa = PBXFileReference; lastKnownFileType = sourcecode.swift; path = AppDelegate.swift; sourceTree = "<group>"; };
		F608C02C24B562B700A29AAB /* SceneDelegate.swift */ = {isa = PBXFileReference; lastKnownFileType = sourcecode.swift; path = SceneDelegate.swift; sourceTree = "<group>"; };
		F608C02E24B562B700A29AAB /* ContentViewOLD.swift */ = {isa = PBXFileReference; lastKnownFileType = sourcecode.swift; path = ContentViewOLD.swift; sourceTree = "<group>"; };
		F608C03024B562BA00A29AAB /* Assets.xcassets */ = {isa = PBXFileReference; lastKnownFileType = folder.assetcatalog; path = Assets.xcassets; sourceTree = "<group>"; };
		F608C03324B562BA00A29AAB /* Preview Assets.xcassets */ = {isa = PBXFileReference; lastKnownFileType = folder.assetcatalog; path = "Preview Assets.xcassets"; sourceTree = "<group>"; };
		F608C03624B562BA00A29AAB /* Base */ = {isa = PBXFileReference; lastKnownFileType = file.storyboard; name = Base; path = Base.lproj/LaunchScreen.storyboard; sourceTree = "<group>"; };
		F608C03824B562BA00A29AAB /* Info.plist */ = {isa = PBXFileReference; lastKnownFileType = text.plist.xml; path = Info.plist; sourceTree = "<group>"; };
		F608C03D24B562BA00A29AAB /* AnimationsTests.xctest */ = {isa = PBXFileReference; explicitFileType = wrapper.cfbundle; includeInIndex = 0; path = AnimationsTests.xctest; sourceTree = BUILT_PRODUCTS_DIR; };
		F608C04124B562BA00A29AAB /* AnimationsTests.swift */ = {isa = PBXFileReference; lastKnownFileType = sourcecode.swift; path = AnimationsTests.swift; sourceTree = "<group>"; };
		F608C04324B562BA00A29AAB /* Info.plist */ = {isa = PBXFileReference; lastKnownFileType = text.plist.xml; path = Info.plist; sourceTree = "<group>"; };
		F608C04C24B5633600A29AAB /* VectorArithmetic.swift */ = {isa = PBXFileReference; lastKnownFileType = sourcecode.swift; path = VectorArithmetic.swift; sourceTree = "<group>"; };
		F608C04E24B566D800A29AAB /* Animations.swift */ = {isa = PBXFileReference; lastKnownFileType = sourcecode.swift; path = Animations.swift; sourceTree = "<group>"; };
		F62A7A7F24B65ABC00ED6C62 /* AdvancedAnimations.swift */ = {isa = PBXFileReference; fileEncoding = 4; lastKnownFileType = sourcecode.swift; path = AdvancedAnimations.swift; sourceTree = "<group>"; };
/* End PBXFileReference section */

/* Begin PBXFrameworksBuildPhase section */
		F608C02424B562B700A29AAB /* Frameworks */ = {
			isa = PBXFrameworksBuildPhase;
			buildActionMask = 2147483647;
			files = (
			);
			runOnlyForDeploymentPostprocessing = 0;
		};
		F608C03A24B562BA00A29AAB /* Frameworks */ = {
			isa = PBXFrameworksBuildPhase;
			buildActionMask = 2147483647;
			files = (
			);
			runOnlyForDeploymentPostprocessing = 0;
		};
/* End PBXFrameworksBuildPhase section */

/* Begin PBXGroup section */
		F608C01E24B562B700A29AAB = {
			isa = PBXGroup;
			children = (
				F608C02924B562B700A29AAB /* Animations */,
				F608C04024B562BA00A29AAB /* AnimationsTests */,
				F608C02824B562B700A29AAB /* Products */,
			);
			sourceTree = "<group>";
		};
		F608C02824B562B700A29AAB /* Products */ = {
			isa = PBXGroup;
			children = (
				F608C02724B562B700A29AAB /* Animations.app */,
				F608C03D24B562BA00A29AAB /* AnimationsTests.xctest */,
			);
			name = Products;
			sourceTree = "<group>";
		};
		F608C02924B562B700A29AAB /* Animations */ = {
			isa = PBXGroup;
			children = (
				F608C02A24B562B700A29AAB /* AppDelegate.swift */,
				F608C02C24B562B700A29AAB /* SceneDelegate.swift */,
				F608C02E24B562B700A29AAB /* ContentViewOLD.swift */,
				F62A7A7F24B65ABC00ED6C62 /* AdvancedAnimations.swift */,
				F608C04E24B566D800A29AAB /* Animations.swift */,
				F608C04C24B5633600A29AAB /* VectorArithmetic.swift */,
				F608C03024B562BA00A29AAB /* Assets.xcassets */,
				F608C03524B562BA00A29AAB /* LaunchScreen.storyboard */,
				F608C03824B562BA00A29AAB /* Info.plist */,
				F608C03224B562BA00A29AAB /* Preview Content */,
			);
			path = Animations;
			sourceTree = "<group>";
		};
		F608C03224B562BA00A29AAB /* Preview Content */ = {
			isa = PBXGroup;
			children = (
				F608C03324B562BA00A29AAB /* Preview Assets.xcassets */,
			);
			path = "Preview Content";
			sourceTree = "<group>";
		};
		F608C04024B562BA00A29AAB /* AnimationsTests */ = {
			isa = PBXGroup;
			children = (
				F608C04124B562BA00A29AAB /* AnimationsTests.swift */,
				F608C04324B562BA00A29AAB /* Info.plist */,
			);
			path = AnimationsTests;
			sourceTree = "<group>";
		};
/* End PBXGroup section */

/* Begin PBXNativeTarget section */
		F608C02624B562B700A29AAB /* Animations */ = {
			isa = PBXNativeTarget;
			buildConfigurationList = F608C04624B562BA00A29AAB /* Build configuration list for PBXNativeTarget "Animations" */;
			buildPhases = (
				F608C02324B562B700A29AAB /* Sources */,
				F608C02424B562B700A29AAB /* Frameworks */,
				F608C02524B562B700A29AAB /* Resources */,
			);
			buildRules = (
			);
			dependencies = (
			);
			name = Animations;
			productName = Animations;
			productReference = F608C02724B562B700A29AAB /* Animations.app */;
			productType = "com.apple.product-type.application";
		};
		F608C03C24B562BA00A29AAB /* AnimationsTests */ = {
			isa = PBXNativeTarget;
			buildConfigurationList = F608C04924B562BA00A29AAB /* Build configuration list for PBXNativeTarget "AnimationsTests" */;
			buildPhases = (
				F608C03924B562BA00A29AAB /* Sources */,
				F608C03A24B562BA00A29AAB /* Frameworks */,
				F608C03B24B562BA00A29AAB /* Resources */,
			);
			buildRules = (
			);
			dependencies = (
				F608C03F24B562BA00A29AAB /* PBXTargetDependency */,
			);
			name = AnimationsTests;
			productName = AnimationsTests;
			productReference = F608C03D24B562BA00A29AAB /* AnimationsTests.xctest */;
			productType = "com.apple.product-type.bundle.unit-test";
		};
/* End PBXNativeTarget section */

/* Begin PBXProject section */
		F608C01F24B562B700A29AAB /* Project object */ = {
			isa = PBXProject;
			attributes = {
				LastSwiftUpdateCheck = 1150;
				LastUpgradeCheck = 1150;
				ORGANIZATIONNAME = loveshakk;
				TargetAttributes = {
					F608C02624B562B700A29AAB = {
						CreatedOnToolsVersion = 11.5;
					};
					F608C03C24B562BA00A29AAB = {
						CreatedOnToolsVersion = 11.5;
						TestTargetID = F608C02624B562B700A29AAB;
					};
				};
			};
			buildConfigurationList = F608C02224B562B700A29AAB /* Build configuration list for PBXProject "Animations" */;
			compatibilityVersion = "Xcode 9.3";
			developmentRegion = en;
			hasScannedForEncodings = 0;
			knownRegions = (
				en,
				Base,
			);
			mainGroup = F608C01E24B562B700A29AAB;
			productRefGroup = F608C02824B562B700A29AAB /* Products */;
			projectDirPath = "";
			projectRoot = "";
			targets = (
				F608C02624B562B700A29AAB /* Animations */,
				F608C03C24B562BA00A29AAB /* AnimationsTests */,
			);
		};
/* End PBXProject section */

/* Begin PBXResourcesBuildPhase section */
		F608C02524B562B700A29AAB /* Resources */ = {
			isa = PBXResourcesBuildPhase;
			buildActionMask = 2147483647;
			files = (
				F608C03724B562BA00A29AAB /* LaunchScreen.storyboard in Resources */,
				F608C03424B562BA00A29AAB /* Preview Assets.xcassets in Resources */,
				F608C03124B562BA00A29AAB /* Assets.xcassets in Resources */,
			);
			runOnlyForDeploymentPostprocessing = 0;
		};
		F608C03B24B562BA00A29AAB /* Resources */ = {
			isa = PBXResourcesBuildPhase;
			buildActionMask = 2147483647;
			files = (
			);
			runOnlyForDeploymentPostprocessing = 0;
		};
/* End PBXResourcesBuildPhase section */

/* Begin PBXSourcesBuildPhase section */
		F608C02324B562B700A29AAB /* Sources */ = {
			isa = PBXSourcesBuildPhase;
			buildActionMask = 2147483647;
			files = (
				F62A7A8024B65ABC00ED6C62 /* AdvancedAnimations.swift in Sources */,
				F608C02B24B562B700A29AAB /* AppDelegate.swift in Sources */,
				F608C04F24B566D800A29AAB /* Animations.swift in Sources */,
				F608C02D24B562B700A29AAB /* SceneDelegate.swift in Sources */,
				F608C04D24B5633600A29AAB /* VectorArithmetic.swift in Sources */,
				F608C02F24B562B700A29AAB /* ContentViewOLD.swift in Sources */,
			);
			runOnlyForDeploymentPostprocessing = 0;
		};
		F608C03924B562BA00A29AAB /* Sources */ = {
			isa = PBXSourcesBuildPhase;
			buildActionMask = 2147483647;
			files = (
				F608C04224B562BA00A29AAB /* AnimationsTests.swift in Sources */,
			);
			runOnlyForDeploymentPostprocessing = 0;
		};
/* End PBXSourcesBuildPhase section */

/* Begin PBXTargetDependency section */
		F608C03F24B562BA00A29AAB /* PBXTargetDependency */ = {
			isa = PBXTargetDependency;
			target = F608C02624B562B700A29AAB /* Animations */;
			targetProxy = F608C03E24B562BA00A29AAB /* PBXContainerItemProxy */;
		};
/* End PBXTargetDependency section */

/* Begin PBXVariantGroup section */
		F608C03524B562BA00A29AAB /* LaunchScreen.storyboard */ = {
			isa = PBXVariantGroup;
			children = (
				F608C03624B562BA00A29AAB /* Base */,
			);
			name = LaunchScreen.storyboard;
			sourceTree = "<group>";
		};
/* End PBXVariantGroup section */

/* Begin XCBuildConfiguration section */
		F608C04424B562BA00A29AAB /* Debug */ = {
			isa = XCBuildConfiguration;
			buildSettings = {
				ALWAYS_SEARCH_USER_PATHS = NO;
				CLANG_ANALYZER_NONNULL = YES;
				CLANG_ANALYZER_NUMBER_OBJECT_CONVERSION = YES_AGGRESSIVE;
				CLANG_CXX_LANGUAGE_STANDARD = "gnu++14";
				CLANG_CXX_LIBRARY = "libc++";
				CLANG_ENABLE_MODULES = YES;
				CLANG_ENABLE_OBJC_ARC = YES;
				CLANG_ENABLE_OBJC_WEAK = YES;
				CLANG_WARN_BLOCK_CAPTURE_AUTORELEASING = YES;
				CLANG_WARN_BOOL_CONVERSION = YES;
				CLANG_WARN_COMMA = YES;
				CLANG_WARN_CONSTANT_CONVERSION = YES;
				CLANG_WARN_DEPRECATED_OBJC_IMPLEMENTATIONS = YES;
				CLANG_WARN_DIRECT_OBJC_ISA_USAGE = YES_ERROR;
				CLANG_WARN_DOCUMENTATION_COMMENTS = YES;
				CLANG_WARN_EMPTY_BODY = YES;
				CLANG_WARN_ENUM_CONVERSION = YES;
				CLANG_WARN_INFINITE_RECURSION = YES;
				CLANG_WARN_INT_CONVERSION = YES;
				CLANG_WARN_NON_LITERAL_NULL_CONVERSION = YES;
				CLANG_WARN_OBJC_IMPLICIT_RETAIN_SELF = YES;
				CLANG_WARN_OBJC_LITERAL_CONVERSION = YES;
				CLANG_WARN_OBJC_ROOT_CLASS = YES_ERROR;
				CLANG_WARN_RANGE_LOOP_ANALYSIS = YES;
				CLANG_WARN_STRICT_PROTOTYPES = YES;
				CLANG_WARN_SUSPICIOUS_MOVE = YES;
				CLANG_WARN_UNGUARDED_AVAILABILITY = YES_AGGRESSIVE;
				CLANG_WARN_UNREACHABLE_CODE = YES;
				CLANG_WARN__DUPLICATE_METHOD_MATCH = YES;
				COPY_PHASE_STRIP = NO;
				DEBUG_INFORMATION_FORMAT = dwarf;
				ENABLE_STRICT_OBJC_MSGSEND = YES;
				ENABLE_TESTABILITY = YES;
				GCC_C_LANGUAGE_STANDARD = gnu11;
				GCC_DYNAMIC_NO_PIC = NO;
				GCC_NO_COMMON_BLOCKS = YES;
				GCC_OPTIMIZATION_LEVEL = 0;
				GCC_PREPROCESSOR_DEFINITIONS = (
					"DEBUG=1",
					"$(inherited)",
				);
				GCC_WARN_64_TO_32_BIT_CONVERSION = YES;
				GCC_WARN_ABOUT_RETURN_TYPE = YES_ERROR;
				GCC_WARN_UNDECLARED_SELECTOR = YES;
				GCC_WARN_UNINITIALIZED_AUTOS = YES_AGGRESSIVE;
				GCC_WARN_UNUSED_FUNCTION = YES;
				GCC_WARN_UNUSED_VARIABLE = YES;
				IPHONEOS_DEPLOYMENT_TARGET = 13.5;
				MTL_ENABLE_DEBUG_INFO = INCLUDE_SOURCE;
				MTL_FAST_MATH = YES;
				ONLY_ACTIVE_ARCH = YES;
				SDKROOT = iphoneos;
				SWIFT_ACTIVE_COMPILATION_CONDITIONS = DEBUG;
				SWIFT_OPTIMIZATION_LEVEL = "-Onone";
			};
			name = Debug;
		};
		F608C04524B562BA00A29AAB /* Release */ = {
			isa = XCBuildConfiguration;
			buildSettings = {
				ALWAYS_SEARCH_USER_PATHS = NO;
				CLANG_ANALYZER_NONNULL = YES;
				CLANG_ANALYZER_NUMBER_OBJECT_CONVERSION = YES_AGGRESSIVE;
				CLANG_CXX_LANGUAGE_STANDARD = "gnu++14";
				CLANG_CXX_LIBRARY = "libc++";
				CLANG_ENABLE_MODULES = YES;
				CLANG_ENABLE_OBJC_ARC = YES;
				CLANG_ENABLE_OBJC_WEAK = YES;
				CLANG_WARN_BLOCK_CAPTURE_AUTORELEASING = YES;
				CLANG_WARN_BOOL_CONVERSION = YES;
				CLANG_WARN_COMMA = YES;
				CLANG_WARN_CONSTANT_CONVERSION = YES;
				CLANG_WARN_DEPRECATED_OBJC_IMPLEMENTATIONS = YES;
				CLANG_WARN_DIRECT_OBJC_ISA_USAGE = YES_ERROR;
				CLANG_WARN_DOCUMENTATION_COMMENTS = YES;
				CLANG_WARN_EMPTY_BODY = YES;
				CLANG_WARN_ENUM_CONVERSION = YES;
				CLANG_WARN_INFINITE_RECURSION = YES;
				CLANG_WARN_INT_CONVERSION = YES;
				CLANG_WARN_NON_LITERAL_NULL_CONVERSION = YES;
				CLANG_WARN_OBJC_IMPLICIT_RETAIN_SELF = YES;
				CLANG_WARN_OBJC_LITERAL_CONVERSION = YES;
				CLANG_WARN_OBJC_ROOT_CLASS = YES_ERROR;
				CLANG_WARN_RANGE_LOOP_ANALYSIS = YES;
				CLANG_WARN_STRICT_PROTOTYPES = YES;
				CLANG_WARN_SUSPICIOUS_MOVE = YES;
				CLANG_WARN_UNGUARDED_AVAILABILITY = YES_AGGRESSIVE;
				CLANG_WARN_UNREACHABLE_CODE = YES;
				CLANG_WARN__DUPLICATE_METHOD_MATCH = YES;
				COPY_PHASE_STRIP = NO;
				DEBUG_INFORMATION_FORMAT = "dwarf-with-dsym";
				ENABLE_NS_ASSERTIONS = NO;
				ENABLE_STRICT_OBJC_MSGSEND = YES;
				GCC_C_LANGUAGE_STANDARD = gnu11;
				GCC_NO_COMMON_BLOCKS = YES;
				GCC_WARN_64_TO_32_BIT_CONVERSION = YES;
				GCC_WARN_ABOUT_RETURN_TYPE = YES_ERROR;
				GCC_WARN_UNDECLARED_SELECTOR = YES;
				GCC_WARN_UNINITIALIZED_AUTOS = YES_AGGRESSIVE;
				GCC_WARN_UNUSED_FUNCTION = YES;
				GCC_WARN_UNUSED_VARIABLE = YES;
				IPHONEOS_DEPLOYMENT_TARGET = 13.5;
				MTL_ENABLE_DEBUG_INFO = NO;
				MTL_FAST_MATH = YES;
				SDKROOT = iphoneos;
				SWIFT_COMPILATION_MODE = wholemodule;
				SWIFT_OPTIMIZATION_LEVEL = "-O";
				VALIDATE_PRODUCT = YES;
			};
			name = Release;
		};
		F608C04724B562BA00A29AAB /* Debug */ = {
			isa = XCBuildConfiguration;
			buildSettings = {
				ASSETCATALOG_COMPILER_APPICON_NAME = AppIcon;
				CODE_SIGN_STYLE = Automatic;
				DEVELOPMENT_ASSET_PATHS = "\"Animations/Preview Content\"";
				DEVELOPMENT_TEAM = 5R6CF59GRY;
				ENABLE_PREVIEWS = YES;
				INFOPLIST_FILE = Animations/Info.plist;
				LD_RUNPATH_SEARCH_PATHS = (
					"$(inherited)",
					"@executable_path/Frameworks",
				);
				PRODUCT_BUNDLE_IDENTIFIER = com.shneaky.Animations;
				PRODUCT_NAME = "$(TARGET_NAME)";
				SWIFT_VERSION = 5.0;
				TARGETED_DEVICE_FAMILY = "1,2";
			};
			name = Debug;
		};
		F608C04824B562BA00A29AAB /* Release */ = {
			isa = XCBuildConfiguration;
			buildSettings = {
				ASSETCATALOG_COMPILER_APPICON_NAME = AppIcon;
				CODE_SIGN_STYLE = Automatic;
				DEVELOPMENT_ASSET_PATHS = "\"Animations/Preview Content\"";
				DEVELOPMENT_TEAM = 5R6CF59GRY;
				ENABLE_PREVIEWS = YES;
				INFOPLIST_FILE = Animations/Info.plist;
				LD_RUNPATH_SEARCH_PATHS = (
					"$(inherited)",
					"@executable_path/Frameworks",
				);
				PRODUCT_BUNDLE_IDENTIFIER = com.shneaky.Animations;
				PRODUCT_NAME = "$(TARGET_NAME)";
				SWIFT_VERSION = 5.0;
				TARGETED_DEVICE_FAMILY = "1,2";
			};
			name = Release;
		};
		F608C04A24B562BA00A29AAB /* Debug */ = {
			isa = XCBuildConfiguration;
			buildSettings = {
				ALWAYS_EMBED_SWIFT_STANDARD_LIBRARIES = YES;
				BUNDLE_LOADER = "$(TEST_HOST)";
				CODE_SIGN_STYLE = Automatic;
				DEVELOPMENT_TEAM = 5R6CF59GRY;
				INFOPLIST_FILE = AnimationsTests/Info.plist;
				IPHONEOS_DEPLOYMENT_TARGET = 13.5;
				LD_RUNPATH_SEARCH_PATHS = (
					"$(inherited)",
					"@executable_path/Frameworks",
					"@loader_path/Frameworks",
				);
				PRODUCT_BUNDLE_IDENTIFIER = com.shneaky.AnimationsTests;
				PRODUCT_NAME = "$(TARGET_NAME)";
				SWIFT_VERSION = 5.0;
				TARGETED_DEVICE_FAMILY = "1,2";
				TEST_HOST = "$(BUILT_PRODUCTS_DIR)/Animations.app/Animations";
			};
			name = Debug;
		};
		F608C04B24B562BA00A29AAB /* Release */ = {
			isa = XCBuildConfiguration;
			buildSettings = {
				ALWAYS_EMBED_SWIFT_STANDARD_LIBRARIES = YES;
				BUNDLE_LOADER = "$(TEST_HOST)";
				CODE_SIGN_STYLE = Automatic;
				DEVELOPMENT_TEAM = 5R6CF59GRY;
				INFOPLIST_FILE = AnimationsTests/Info.plist;
				IPHONEOS_DEPLOYMENT_TARGET = 13.5;
				LD_RUNPATH_SEARCH_PATHS = (
					"$(inherited)",
					"@executable_path/Frameworks",
					"@loader_path/Frameworks",
				);
				PRODUCT_BUNDLE_IDENTIFIER = com.shneaky.AnimationsTests;
				PRODUCT_NAME = "$(TARGET_NAME)";
				SWIFT_VERSION = 5.0;
				TARGETED_DEVICE_FAMILY = "1,2";
				TEST_HOST = "$(BUILT_PRODUCTS_DIR)/Animations.app/Animations";
			};
			name = Release;
		};
/* End XCBuildConfiguration section */

/* Begin XCConfigurationList section */
		F608C02224B562B700A29AAB /* Build configuration list for PBXProject "Animations" */ = {
			isa = XCConfigurationList;
			buildConfigurations = (
				F608C04424B562BA00A29AAB /* Debug */,
				F608C04524B562BA00A29AAB /* Release */,
			);
			defaultConfigurationIsVisible = 0;
			defaultConfigurationName = Release;
		};
		F608C04624B562BA00A29AAB /* Build configuration list for PBXNativeTarget "Animations" */ = {
			isa = XCConfigurationList;
			buildConfigurations = (
				F608C04724B562BA00A29AAB /* Debug */,
				F608C04824B562BA00A29AAB /* Release */,
			);
			defaultConfigurationIsVisible = 0;
			defaultConfigurationName = Release;
		};
		F608C04924B562BA00A29AAB /* Build configuration list for PBXNativeTarget "AnimationsTests" */ = {
			isa = XCConfigurationList;
			buildConfigurations = (
				F608C04A24B562BA00A29AAB /* Debug */,
				F608C04B24B562BA00A29AAB /* Release */,
			);
			defaultConfigurationIsVisible = 0;
			defaultConfigurationName = Release;
		};
/* End XCConfigurationList section */
	};
	rootObject = F608C01F24B562B700A29AAB /* Project object */;
}
