// !$*UTF8*$!
{
	archiveVersion = 1;
	classes = {
	};
	objectVersion = 50;
	objects = {

/* Begin PBXBuildFile section */
		F6111E6324A2B52500FB7C78 /* BigSurTestsApp.swift in Sources */ = {isa = PBXBuildFile; fileRef = F6111E6224A2B52500FB7C78 /* BigSurTestsApp.swift */; };
		F6111E6524A2B52500FB7C78 /* ContentView.swift in Sources */ = {isa = PBXBuildFile; fileRef = F6111E6424A2B52500FB7C78 /* ContentView.swift */; };
		F6111E6724A2B52600FB7C78 /* Assets.xcassets in Resources */ = {isa = PBXBuildFile; fileRef = F6111E6624A2B52600FB7C78 /* Assets.xcassets */; };
		F6111E6A24A2B52600FB7C78 /* Preview Assets.xcassets in Resources */ = {isa = PBXBuildFile; fileRef = F6111E6924A2B52600FB7C78 /* Preview Assets.xcassets */; };
		F6111E7524A2B52600FB7C78 /* BigSurTestsTests.swift in Sources */ = {isa = PBXBuildFile; fileRef = F6111E7424A2B52600FB7C78 /* BigSurTestsTests.swift */; };
		F6111E8024A2B52600FB7C78 /* BigSurTestsUITests.swift in Sources */ = {isa = PBXBuildFile; fileRef = F6111E7F24A2B52600FB7C78 /* BigSurTestsUITests.swift */; };
/* End PBXBuildFile section */

/* Begin PBXContainerItemProxy section */
		F6111E7124A2B52600FB7C78 /* PBXContainerItemProxy */ = {
			isa = PBXContainerItemProxy;
			containerPortal = F6111E5724A2B52500FB7C78 /* Project object */;
			proxyType = 1;
			remoteGlobalIDString = F6111E5E24A2B52500FB7C78;
			remoteInfo = BigSurTests;
		};
		F6111E7C24A2B52600FB7C78 /* PBXContainerItemProxy */ = {
			isa = PBXContainerItemProxy;
			containerPortal = F6111E5724A2B52500FB7C78 /* Project object */;
			proxyType = 1;
			remoteGlobalIDString = F6111E5E24A2B52500FB7C78;
			remoteInfo = BigSurTests;
		};
/* End PBXContainerItemProxy section */

/* Begin PBXFileReference section */
		F6111E5F24A2B52500FB7C78 /* BigSurTests.app */ = {isa = PBXFileReference; explicitFileType = wrapper.application; includeInIndex = 0; path = BigSurTests.app; sourceTree = BUILT_PRODUCTS_DIR; };
		F6111E6224A2B52500FB7C78 /* BigSurTestsApp.swift */ = {isa = PBXFileReference; lastKnownFileType = sourcecode.swift; path = BigSurTestsApp.swift; sourceTree = "<group>"; };
		F6111E6424A2B52500FB7C78 /* ContentView.swift */ = {isa = PBXFileReference; lastKnownFileType = sourcecode.swift; path = ContentView.swift; sourceTree = "<group>"; };
		F6111E6624A2B52600FB7C78 /* Assets.xcassets */ = {isa = PBXFileReference; lastKnownFileType = folder.assetcatalog; path = Assets.xcassets; sourceTree = "<group>"; };
		F6111E6924A2B52600FB7C78 /* Preview Assets.xcassets */ = {isa = PBXFileReference; lastKnownFileType = folder.assetcatalog; path = "Preview Assets.xcassets"; sourceTree = "<group>"; };
		F6111E6B24A2B52600FB7C78 /* Info.plist */ = {isa = PBXFileReference; lastKnownFileType = text.plist.xml; path = Info.plist; sourceTree = "<group>"; };
		F6111E7024A2B52600FB7C78 /* BigSurTestsTests.xctest */ = {isa = PBXFileReference; explicitFileType = wrapper.cfbundle; includeInIndex = 0; path = BigSurTestsTests.xctest; sourceTree = BUILT_PRODUCTS_DIR; };
		F6111E7424A2B52600FB7C78 /* BigSurTestsTests.swift */ = {isa = PBXFileReference; lastKnownFileType = sourcecode.swift; path = BigSurTestsTests.swift; sourceTree = "<group>"; };
		F6111E7624A2B52600FB7C78 /* Info.plist */ = {isa = PBXFileReference; lastKnownFileType = text.plist.xml; path = Info.plist; sourceTree = "<group>"; };
		F6111E7B24A2B52600FB7C78 /* BigSurTestsUITests.xctest */ = {isa = PBXFileReference; explicitFileType = wrapper.cfbundle; includeInIndex = 0; path = BigSurTestsUITests.xctest; sourceTree = BUILT_PRODUCTS_DIR; };
		F6111E7F24A2B52600FB7C78 /* BigSurTestsUITests.swift */ = {isa = PBXFileReference; lastKnownFileType = sourcecode.swift; path = BigSurTestsUITests.swift; sourceTree = "<group>"; };
		F6111E8124A2B52600FB7C78 /* Info.plist */ = {isa = PBXFileReference; lastKnownFileType = text.plist.xml; path = Info.plist; sourceTree = "<group>"; };
/* End PBXFileReference section */

/* Begin PBXFrameworksBuildPhase section */
		F6111E5C24A2B52500FB7C78 /* Frameworks */ = {
			isa = PBXFrameworksBuildPhase;
			buildActionMask = 2147483647;
			files = (
			);
			runOnlyForDeploymentPostprocessing = 0;
		};
		F6111E6D24A2B52600FB7C78 /* Frameworks */ = {
			isa = PBXFrameworksBuildPhase;
			buildActionMask = 2147483647;
			files = (
			);
			runOnlyForDeploymentPostprocessing = 0;
		};
		F6111E7824A2B52600FB7C78 /* Frameworks */ = {
			isa = PBXFrameworksBuildPhase;
			buildActionMask = 2147483647;
			files = (
			);
			runOnlyForDeploymentPostprocessing = 0;
		};
/* End PBXFrameworksBuildPhase section */

/* Begin PBXGroup section */
		F6111E5624A2B52500FB7C78 = {
			isa = PBXGroup;
			children = (
				F6111E6124A2B52500FB7C78 /* BigSurTests */,
				F6111E7324A2B52600FB7C78 /* BigSurTestsTests */,
				F6111E7E24A2B52600FB7C78 /* BigSurTestsUITests */,
				F6111E6024A2B52500FB7C78 /* Products */,
			);
			sourceTree = "<group>";
		};
		F6111E6024A2B52500FB7C78 /* Products */ = {
			isa = PBXGroup;
			children = (
				F6111E5F24A2B52500FB7C78 /* BigSurTests.app */,
				F6111E7024A2B52600FB7C78 /* BigSurTestsTests.xctest */,
				F6111E7B24A2B52600FB7C78 /* BigSurTestsUITests.xctest */,
			);
			name = Products;
			sourceTree = "<group>";
		};
		F6111E6124A2B52500FB7C78 /* BigSurTests */ = {
			isa = PBXGroup;
			children = (
				F6111E6224A2B52500FB7C78 /* BigSurTestsApp.swift */,
				F6111E6424A2B52500FB7C78 /* ContentView.swift */,
				F6111E6624A2B52600FB7C78 /* Assets.xcassets */,
				F6111E6B24A2B52600FB7C78 /* Info.plist */,
				F6111E6824A2B52600FB7C78 /* Preview Content */,
			);
			path = BigSurTests;
			sourceTree = "<group>";
		};
		F6111E6824A2B52600FB7C78 /* Preview Content */ = {
			isa = PBXGroup;
			children = (
				F6111E6924A2B52600FB7C78 /* Preview Assets.xcassets */,
			);
			path = "Preview Content";
			sourceTree = "<group>";
		};
		F6111E7324A2B52600FB7C78 /* BigSurTestsTests */ = {
			isa = PBXGroup;
			children = (
				F6111E7424A2B52600FB7C78 /* BigSurTestsTests.swift */,
				F6111E7624A2B52600FB7C78 /* Info.plist */,
			);
			path = BigSurTestsTests;
			sourceTree = "<group>";
		};
		F6111E7E24A2B52600FB7C78 /* BigSurTestsUITests */ = {
			isa = PBXGroup;
			children = (
				F6111E7F24A2B52600FB7C78 /* BigSurTestsUITests.swift */,
				F6111E8124A2B52600FB7C78 /* Info.plist */,
			);
			path = BigSurTestsUITests;
			sourceTree = "<group>";
		};
/* End PBXGroup section */

/* Begin PBXNativeTarget section */
		F6111E5E24A2B52500FB7C78 /* BigSurTests */ = {
			isa = PBXNativeTarget;
			buildConfigurationList = F6111E8424A2B52600FB7C78 /* Build configuration list for PBXNativeTarget "BigSurTests" */;
			buildPhases = (
				F6111E5B24A2B52500FB7C78 /* Sources */,
				F6111E5C24A2B52500FB7C78 /* Frameworks */,
				F6111E5D24A2B52500FB7C78 /* Resources */,
			);
			buildRules = (
			);
			dependencies = (
			);
			name = BigSurTests;
			productName = BigSurTests;
			productReference = F6111E5F24A2B52500FB7C78 /* BigSurTests.app */;
			productType = "com.apple.product-type.application";
		};
		F6111E6F24A2B52600FB7C78 /* BigSurTestsTests */ = {
			isa = PBXNativeTarget;
			buildConfigurationList = F6111E8724A2B52600FB7C78 /* Build configuration list for PBXNativeTarget "BigSurTestsTests" */;
			buildPhases = (
				F6111E6C24A2B52600FB7C78 /* Sources */,
				F6111E6D24A2B52600FB7C78 /* Frameworks */,
				F6111E6E24A2B52600FB7C78 /* Resources */,
			);
			buildRules = (
			);
			dependencies = (
				F6111E7224A2B52600FB7C78 /* PBXTargetDependency */,
			);
			name = BigSurTestsTests;
			productName = BigSurTestsTests;
			productReference = F6111E7024A2B52600FB7C78 /* BigSurTestsTests.xctest */;
			productType = "com.apple.product-type.bundle.unit-test";
		};
		F6111E7A24A2B52600FB7C78 /* BigSurTestsUITests */ = {
			isa = PBXNativeTarget;
			buildConfigurationList = F6111E8A24A2B52600FB7C78 /* Build configuration list for PBXNativeTarget "BigSurTestsUITests" */;
			buildPhases = (
				F6111E7724A2B52600FB7C78 /* Sources */,
				F6111E7824A2B52600FB7C78 /* Frameworks */,
				F6111E7924A2B52600FB7C78 /* Resources */,
			);
			buildRules = (
			);
			dependencies = (
				F6111E7D24A2B52600FB7C78 /* PBXTargetDependency */,
			);
			name = BigSurTestsUITests;
			productName = BigSurTestsUITests;
			productReference = F6111E7B24A2B52600FB7C78 /* BigSurTestsUITests.xctest */;
			productType = "com.apple.product-type.bundle.ui-testing";
		};
/* End PBXNativeTarget section */

/* Begin PBXProject section */
		F6111E5724A2B52500FB7C78 /* Project object */ = {
			isa = PBXProject;
			attributes = {
				LastSwiftUpdateCheck = 1200;
				LastUpgradeCheck = 1200;
				TargetAttributes = {
					F6111E5E24A2B52500FB7C78 = {
						CreatedOnToolsVersion = 12.0;
					};
					F6111E6F24A2B52600FB7C78 = {
						CreatedOnToolsVersion = 12.0;
						TestTargetID = F6111E5E24A2B52500FB7C78;
					};
					F6111E7A24A2B52600FB7C78 = {
						CreatedOnToolsVersion = 12.0;
						TestTargetID = F6111E5E24A2B52500FB7C78;
					};
				};
			};
			buildConfigurationList = F6111E5A24A2B52500FB7C78 /* Build configuration list for PBXProject "BigSurTests" */;
			compatibilityVersion = "Xcode 9.3";
			developmentRegion = en;
			hasScannedForEncodings = 0;
			knownRegions = (
				en,
				Base,
			);
			mainGroup = F6111E5624A2B52500FB7C78;
			productRefGroup = F6111E6024A2B52500FB7C78 /* Products */;
			projectDirPath = "";
			projectRoot = "";
			targets = (
				F6111E5E24A2B52500FB7C78 /* BigSurTests */,
				F6111E6F24A2B52600FB7C78 /* BigSurTestsTests */,
				F6111E7A24A2B52600FB7C78 /* BigSurTestsUITests */,
			);
		};
/* End PBXProject section */

/* Begin PBXResourcesBuildPhase section */
		F6111E5D24A2B52500FB7C78 /* Resources */ = {
			isa = PBXResourcesBuildPhase;
			buildActionMask = 2147483647;
			files = (
				F6111E6A24A2B52600FB7C78 /* Preview Assets.xcassets in Resources */,
				F6111E6724A2B52600FB7C78 /* Assets.xcassets in Resources */,
			);
			runOnlyForDeploymentPostprocessing = 0;
		};
		F6111E6E24A2B52600FB7C78 /* Resources */ = {
			isa = PBXResourcesBuildPhase;
			buildActionMask = 2147483647;
			files = (
			);
			runOnlyForDeploymentPostprocessing = 0;
		};
		F6111E7924A2B52600FB7C78 /* Resources */ = {
			isa = PBXResourcesBuildPhase;
			buildActionMask = 2147483647;
			files = (
			);
			runOnlyForDeploymentPostprocessing = 0;
		};
/* End PBXResourcesBuildPhase section */

/* Begin PBXSourcesBuildPhase section */
		F6111E5B24A2B52500FB7C78 /* Sources */ = {
			isa = PBXSourcesBuildPhase;
			buildActionMask = 2147483647;
			files = (
				F6111E6524A2B52500FB7C78 /* ContentView.swift in Sources */,
				F6111E6324A2B52500FB7C78 /* BigSurTestsApp.swift in Sources */,
			);
			runOnlyForDeploymentPostprocessing = 0;
		};
		F6111E6C24A2B52600FB7C78 /* Sources */ = {
			isa = PBXSourcesBuildPhase;
			buildActionMask = 2147483647;
			files = (
				F6111E7524A2B52600FB7C78 /* BigSurTestsTests.swift in Sources */,
			);
			runOnlyForDeploymentPostprocessing = 0;
		};
		F6111E7724A2B52600FB7C78 /* Sources */ = {
			isa = PBXSourcesBuildPhase;
			buildActionMask = 2147483647;
			files = (
				F6111E8024A2B52600FB7C78 /* BigSurTestsUITests.swift in Sources */,
			);
			runOnlyForDeploymentPostprocessing = 0;
		};
/* End PBXSourcesBuildPhase section */

/* Begin PBXTargetDependency section */
		F6111E7224A2B52600FB7C78 /* PBXTargetDependency */ = {
			isa = PBXTargetDependency;
			target = F6111E5E24A2B52500FB7C78 /* BigSurTests */;
			targetProxy = F6111E7124A2B52600FB7C78 /* PBXContainerItemProxy */;
		};
		F6111E7D24A2B52600FB7C78 /* PBXTargetDependency */ = {
			isa = PBXTargetDependency;
			target = F6111E5E24A2B52500FB7C78 /* BigSurTests */;
			targetProxy = F6111E7C24A2B52600FB7C78 /* PBXContainerItemProxy */;
		};
/* End PBXTargetDependency section */

/* Begin XCBuildConfiguration section */
		F6111E8224A2B52600FB7C78 /* Debug */ = {
			isa = XCBuildConfiguration;
			buildSettings = {
				ALWAYS_SEARCH_USER_PATHS = NO;
				CLANG_ANALYZER_NONNULL = YES;
				CLANG_ANALYZER_NUMBER_OBJECT_CONVERSION = YES_AGGRESSIVE;
				CLANG_CXX_LANGUAGE_STANDARD = "gnu++14";
				CLANG_CXX_LIBRARY = "libc++";
				CLANG_ENABLE_MODULES = YES;
				CLANG_ENABLE_OBJC_ARC = YES;
				CLANG_ENABLE_OBJC_WEAK = YES;
				CLANG_WARN_BLOCK_CAPTURE_AUTORELEASING = YES;
				CLANG_WARN_BOOL_CONVERSION = YES;
				CLANG_WARN_COMMA = YES;
				CLANG_WARN_CONSTANT_CONVERSION = YES;
				CLANG_WARN_DEPRECATED_OBJC_IMPLEMENTATIONS = YES;
				CLANG_WARN_DIRECT_OBJC_ISA_USAGE = YES_ERROR;
				CLANG_WARN_DOCUMENTATION_COMMENTS = YES;
				CLANG_WARN_EMPTY_BODY = YES;
				CLANG_WARN_ENUM_CONVERSION = YES;
				CLANG_WARN_INFINITE_RECURSION = YES;
				CLANG_WARN_INT_CONVERSION = YES;
				CLANG_WARN_NON_LITERAL_NULL_CONVERSION = YES;
				CLANG_WARN_OBJC_IMPLICIT_RETAIN_SELF = YES;
				CLANG_WARN_OBJC_LITERAL_CONVERSION = YES;
				CLANG_WARN_OBJC_ROOT_CLASS = YES_ERROR;
				CLANG_WARN_QUOTED_INCLUDE_IN_FRAMEWORK_HEADER = YES;
				CLANG_WARN_RANGE_LOOP_ANALYSIS = YES;
				CLANG_WARN_STRICT_PROTOTYPES = YES;
				CLANG_WARN_SUSPICIOUS_MOVE = YES;
				CLANG_WARN_UNGUARDED_AVAILABILITY = YES_AGGRESSIVE;
				CLANG_WARN_UNREACHABLE_CODE = YES;
				CLANG_WARN__DUPLICATE_METHOD_MATCH = YES;
				COPY_PHASE_STRIP = NO;
				DEBUG_INFORMATION_FORMAT = dwarf;
				ENABLE_STRICT_OBJC_MSGSEND = YES;
				ENABLE_TESTABILITY = YES;
				GCC_C_LANGUAGE_STANDARD = gnu11;
				GCC_DYNAMIC_NO_PIC = NO;
				GCC_NO_COMMON_BLOCKS = YES;
				GCC_OPTIMIZATION_LEVEL = 0;
				GCC_PREPROCESSOR_DEFINITIONS = (
					"DEBUG=1",
					"$(inherited)",
				);
				GCC_WARN_64_TO_32_BIT_CONVERSION = YES;
				GCC_WARN_ABOUT_RETURN_TYPE = YES_ERROR;
				GCC_WARN_UNDECLARED_SELECTOR = YES;
				GCC_WARN_UNINITIALIZED_AUTOS = YES_AGGRESSIVE;
				GCC_WARN_UNUSED_FUNCTION = YES;
				GCC_WARN_UNUSED_VARIABLE = YES;
				IPHONEOS_DEPLOYMENT_TARGET = 14.0;
				MTL_ENABLE_DEBUG_INFO = INCLUDE_SOURCE;
				MTL_FAST_MATH = YES;
				ONLY_ACTIVE_ARCH = YES;
				SDKROOT = iphoneos;
				SWIFT_ACTIVE_COMPILATION_CONDITIONS = DEBUG;
				SWIFT_OPTIMIZATION_LEVEL = "-Onone";
			};
			name = Debug;
		};
		F6111E8324A2B52600FB7C78 /* Release */ = {
			isa = XCBuildConfiguration;
			buildSettings = {
				ALWAYS_SEARCH_USER_PATHS = NO;
				CLANG_ANALYZER_NONNULL = YES;
				CLANG_ANALYZER_NUMBER_OBJECT_CONVERSION = YES_AGGRESSIVE;
				CLANG_CXX_LANGUAGE_STANDARD = "gnu++14";
				CLANG_CXX_LIBRARY = "libc++";
				CLANG_ENABLE_MODULES = YES;
				CLANG_ENABLE_OBJC_ARC = YES;
				CLANG_ENABLE_OBJC_WEAK = YES;
				CLANG_WARN_BLOCK_CAPTURE_AUTORELEASING = YES;
				CLANG_WARN_BOOL_CONVERSION = YES;
				CLANG_WARN_COMMA = YES;
				CLANG_WARN_CONSTANT_CONVERSION = YES;
				CLANG_WARN_DEPRECATED_OBJC_IMPLEMENTATIONS = YES;
				CLANG_WARN_DIRECT_OBJC_ISA_USAGE = YES_ERROR;
				CLANG_WARN_DOCUMENTATION_COMMENTS = YES;
				CLANG_WARN_EMPTY_BODY = YES;
				CLANG_WARN_ENUM_CONVERSION = YES;
				CLANG_WARN_INFINITE_RECURSION = YES;
				CLANG_WARN_INT_CONVERSION = YES;
				CLANG_WARN_NON_LITERAL_NULL_CONVERSION = YES;
				CLANG_WARN_OBJC_IMPLICIT_RETAIN_SELF = YES;
				CLANG_WARN_OBJC_LITERAL_CONVERSION = YES;
				CLANG_WARN_OBJC_ROOT_CLASS = YES_ERROR;
				CLANG_WARN_QUOTED_INCLUDE_IN_FRAMEWORK_HEADER = YES;
				CLANG_WARN_RANGE_LOOP_ANALYSIS = YES;
				CLANG_WARN_STRICT_PROTOTYPES = YES;
				CLANG_WARN_SUSPICIOUS_MOVE = YES;
				CLANG_WARN_UNGUARDED_AVAILABILITY = YES_AGGRESSIVE;
				CLANG_WARN_UNREACHABLE_CODE = YES;
				CLANG_WARN__DUPLICATE_METHOD_MATCH = YES;
				COPY_PHASE_STRIP = NO;
				DEBUG_INFORMATION_FORMAT = "dwarf-with-dsym";
				ENABLE_NS_ASSERTIONS = NO;
				ENABLE_STRICT_OBJC_MSGSEND = YES;
				GCC_C_LANGUAGE_STANDARD = gnu11;
				GCC_NO_COMMON_BLOCKS = YES;
				GCC_WARN_64_TO_32_BIT_CONVERSION = YES;
				GCC_WARN_ABOUT_RETURN_TYPE = YES_ERROR;
				GCC_WARN_UNDECLARED_SELECTOR = YES;
				GCC_WARN_UNINITIALIZED_AUTOS = YES_AGGRESSIVE;
				GCC_WARN_UNUSED_FUNCTION = YES;
				GCC_WARN_UNUSED_VARIABLE = YES;
				IPHONEOS_DEPLOYMENT_TARGET = 14.0;
				MTL_ENABLE_DEBUG_INFO = NO;
				MTL_FAST_MATH = YES;
				SDKROOT = iphoneos;
				SWIFT_COMPILATION_MODE = wholemodule;
				SWIFT_OPTIMIZATION_LEVEL = "-O";
				VALIDATE_PRODUCT = YES;
			};
			name = Release;
		};
		F6111E8524A2B52600FB7C78 /* Debug */ = {
			isa = XCBuildConfiguration;
			buildSettings = {
				ASSETCATALOG_COMPILER_APPICON_NAME = AppIcon;
				ASSETCATALOG_COMPILER_GLOBAL_ACCENT_COLOR_NAME = AccentColor;
				CODE_SIGN_STYLE = Automatic;
				DEVELOPMENT_ASSET_PATHS = "\"BigSurTests/Preview Content\"";
				DEVELOPMENT_TEAM = 5R6CF59GRY;
				ENABLE_PREVIEWS = YES;
				INFOPLIST_FILE = BigSurTests/Info.plist;
				IPHONEOS_DEPLOYMENT_TARGET = 14.0;
				LD_RUNPATH_SEARCH_PATHS = (
					"$(inherited)",
					"@executable_path/Frameworks",
				);
				PRODUCT_BUNDLE_IDENTIFIER = com.shneaky.BigSurTests;
				PRODUCT_NAME = "$(TARGET_NAME)";
				SWIFT_VERSION = 5.0;
				TARGETED_DEVICE_FAMILY = "1,2";
			};
			name = Debug;
		};
		F6111E8624A2B52600FB7C78 /* Release */ = {
			isa = XCBuildConfiguration;
			buildSettings = {
				ASSETCATALOG_COMPILER_APPICON_NAME = AppIcon;
				ASSETCATALOG_COMPILER_GLOBAL_ACCENT_COLOR_NAME = AccentColor;
				CODE_SIGN_STYLE = Automatic;
				DEVELOPMENT_ASSET_PATHS = "\"BigSurTests/Preview Content\"";
				DEVELOPMENT_TEAM = 5R6CF59GRY;
				ENABLE_PREVIEWS = YES;
				INFOPLIST_FILE = BigSurTests/Info.plist;
				IPHONEOS_DEPLOYMENT_TARGET = 14.0;
				LD_RUNPATH_SEARCH_PATHS = (
					"$(inherited)",
					"@executable_path/Frameworks",
				);
				PRODUCT_BUNDLE_IDENTIFIER = com.shneaky.BigSurTests;
				PRODUCT_NAME = "$(TARGET_NAME)";
				SWIFT_VERSION = 5.0;
				TARGETED_DEVICE_FAMILY = "1,2";
			};
			name = Release;
		};
		F6111E8824A2B52600FB7C78 /* Debug */ = {
			isa = XCBuildConfiguration;
			buildSettings = {
				ALWAYS_EMBED_SWIFT_STANDARD_LIBRARIES = YES;
				BUNDLE_LOADER = "$(TEST_HOST)";
				CODE_SIGN_STYLE = Automatic;
				DEVELOPMENT_TEAM = 5R6CF59GRY;
				INFOPLIST_FILE = BigSurTestsTests/Info.plist;
				IPHONEOS_DEPLOYMENT_TARGET = 14.0;
				LD_RUNPATH_SEARCH_PATHS = (
					"$(inherited)",
					"@executable_path/Frameworks",
					"@loader_path/Frameworks",
				);
				PRODUCT_BUNDLE_IDENTIFIER = com.shneaky.BigSurTestsTests;
				PRODUCT_NAME = "$(TARGET_NAME)";
				SWIFT_VERSION = 5.0;
				TARGETED_DEVICE_FAMILY = "1,2";
				TEST_HOST = "$(BUILT_PRODUCTS_DIR)/BigSurTests.app/BigSurTests";
			};
			name = Debug;
		};
		F6111E8924A2B52600FB7C78 /* Release */ = {
			isa = XCBuildConfiguration;
			buildSettings = {
				ALWAYS_EMBED_SWIFT_STANDARD_LIBRARIES = YES;
				BUNDLE_LOADER = "$(TEST_HOST)";
				CODE_SIGN_STYLE = Automatic;
				DEVELOPMENT_TEAM = 5R6CF59GRY;
				INFOPLIST_FILE = BigSurTestsTests/Info.plist;
				IPHONEOS_DEPLOYMENT_TARGET = 14.0;
				LD_RUNPATH_SEARCH_PATHS = (
					"$(inherited)",
					"@executable_path/Frameworks",
					"@loader_path/Frameworks",
				);
				PRODUCT_BUNDLE_IDENTIFIER = com.shneaky.BigSurTestsTests;
				PRODUCT_NAME = "$(TARGET_NAME)";
				SWIFT_VERSION = 5.0;
				TARGETED_DEVICE_FAMILY = "1,2";
				TEST_HOST = "$(BUILT_PRODUCTS_DIR)/BigSurTests.app/BigSurTests";
			};
			name = Release;
		};
		F6111E8B24A2B52600FB7C78 /* Debug */ = {
			isa = XCBuildConfiguration;
			buildSettings = {
				ALWAYS_EMBED_SWIFT_STANDARD_LIBRARIES = YES;
				CODE_SIGN_STYLE = Automatic;
				DEVELOPMENT_TEAM = 5R6CF59GRY;
				INFOPLIST_FILE = BigSurTestsUITests/Info.plist;
				LD_RUNPATH_SEARCH_PATHS = (
					"$(inherited)",
					"@executable_path/Frameworks",
					"@loader_path/Frameworks",
				);
				PRODUCT_BUNDLE_IDENTIFIER = com.shneaky.BigSurTestsUITests;
				PRODUCT_NAME = "$(TARGET_NAME)";
				SWIFT_VERSION = 5.0;
				TARGETED_DEVICE_FAMILY = "1,2";
				TEST_TARGET_NAME = BigSurTests;
			};
			name = Debug;
		};
		F6111E8C24A2B52600FB7C78 /* Release */ = {
			isa = XCBuildConfiguration;
			buildSettings = {
				ALWAYS_EMBED_SWIFT_STANDARD_LIBRARIES = YES;
				CODE_SIGN_STYLE = Automatic;
				DEVELOPMENT_TEAM = 5R6CF59GRY;
				INFOPLIST_FILE = BigSurTestsUITests/Info.plist;
				LD_RUNPATH_SEARCH_PATHS = (
					"$(inherited)",
					"@executable_path/Frameworks",
					"@loader_path/Frameworks",
				);
				PRODUCT_BUNDLE_IDENTIFIER = com.shneaky.BigSurTestsUITests;
				PRODUCT_NAME = "$(TARGET_NAME)";
				SWIFT_VERSION = 5.0;
				TARGETED_DEVICE_FAMILY = "1,2";
				TEST_TARGET_NAME = BigSurTests;
			};
			name = Release;
		};
/* End XCBuildConfiguration section */

/* Begin XCConfigurationList section */
		F6111E5A24A2B52500FB7C78 /* Build configuration list for PBXProject "BigSurTests" */ = {
			isa = XCConfigurationList;
			buildConfigurations = (
				F6111E8224A2B52600FB7C78 /* Debug */,
				F6111E8324A2B52600FB7C78 /* Release */,
			);
			defaultConfigurationIsVisible = 0;
			defaultConfigurationName = Release;
		};
		F6111E8424A2B52600FB7C78 /* Build configuration list for PBXNativeTarget "BigSurTests" */ = {
			isa = XCConfigurationList;
			buildConfigurations = (
				F6111E8524A2B52600FB7C78 /* Debug */,
				F6111E8624A2B52600FB7C78 /* Release */,
			);
			defaultConfigurationIsVisible = 0;
			defaultConfigurationName = Release;
		};
		F6111E8724A2B52600FB7C78 /* Build configuration list for PBXNativeTarget "BigSurTestsTests" */ = {
			isa = XCConfigurationList;
			buildConfigurations = (
				F6111E8824A2B52600FB7C78 /* Debug */,
				F6111E8924A2B52600FB7C78 /* Release */,
			);
			defaultConfigurationIsVisible = 0;
			defaultConfigurationName = Release;
		};
		F6111E8A24A2B52600FB7C78 /* Build configuration list for PBXNativeTarget "BigSurTestsUITests" */ = {
			isa = XCConfigurationList;
			buildConfigurations = (
				F6111E8B24A2B52600FB7C78 /* Debug */,
				F6111E8C24A2B52600FB7C78 /* Release */,
			);
			defaultConfigurationIsVisible = 0;
			defaultConfigurationName = Release;
		};
/* End XCConfigurationList section */
	};
	rootObject = F6111E5724A2B52500FB7C78 /* Project object */;
}
